
Microsoft Visual Studio Solution File, Format Version 12.00
# Visual Studio 15
Project("{FAE04EC0-301F-11D3-BF4B-00C04F79EFBC}") = "FuckThis", "FuckThis\FuckThis.csproj", "{EB0E0D6C-5CC9-47ED-939E-4AE51C503E63}"
EndProject
Global
	GlobalSection(SolutionConfigurationPlatforms) = preSolution
		Debug|Any CPU = Debug|Any CPU
		Release|Any CPU = Release|Any CPU
	EndGlobalSection
	GlobalSection(ProjectConfigurationPlatforms) = postSolution
		{EB0E0D6C-5CC9-47ED-939E-4AE51C503E63}.Debug|Any CPU.ActiveCfg = Debug|Any CPU
		{EB0E0D6C-5CC9-47ED-939E-4AE51C503E63}.Debug|Any CPU.Build.0 = Debug|Any CPU
		{EB0E0D6C-5CC9-47ED-939E-4AE51C503E63}.Release|Any CPU.ActiveCfg = Release|Any CPU
		{EB0E0D6C-5CC9-47ED-939E-4AE51C503E63}.Release|Any CPU.Build.0 = Release|Any CPU
	EndGlobalSection
EndGlobal
